PODS:
  - Alamofire (4.6.0)
  - SDWebImage (4.3.2):
    - SDWebImage/Core (= 4.3.2)
  - SDWebImage/Core (4.3.2)
  - SwiftyJSON (3.1.4)

DEPENDENCIES:
  - Alamofire
  - SDWebImage
  - SwiftyJSON (= 3.1.4)

SPEC CHECKSUMS:
  Alamofire: f41a599bd63041760b26d393ec1069d9d7b917f4
  SDWebImage: 29bd3c0bc1f01e5eb59720847c64ad4c4ca1af5d
  SwiftyJSON: c2842d878f95482ffceec5709abc3d05680c0220

PODFILE CHECKSUM: d73446aed813fbe160777e8624198f3230020536

COCOAPODS: 1.4.0
