// !$*UTF8*$!
{
	archiveVersion = 1;
	classes = {
	};
	objectVersion = 48;
	objects = {

/* Begin PBXBuildFile section */
		2BED6C70577E2B96232AB97F /* Pods_WeatherUITests.framework in Frameworks */ = {isa = PBXBuildFile; fileRef = 68AFBFA0EDEFEDB8AA02F1C2 /* Pods_WeatherUITests.framework */; };
		5E75B64D204F236200C79321 /* AppDelegate.swift in Sources */ = {isa = PBXBuildFile; fileRef = 5E75B64C204F236200C79321 /* AppDelegate.swift */; };
		5E75B64F204F236200C79321 /* WeatherViewController.swift in Sources */ = {isa = PBXBuildFile; fileRef = 5E75B64E204F236200C79321 /* WeatherViewController.swift */; };
		5E75B652204F236200C79321 /* Main.storyboard in Resources */ = {isa = PBXBuildFile; fileRef = 5E75B650204F236200C79321 /* Main.storyboard */; };
		5E75B654204F236200C79321 /* Assets.xcassets in Resources */ = {isa = PBXBuildFile; fileRef = 5E75B653204F236200C79321 /* Assets.xcassets */; };
		5E75B657204F236200C79321 /* LaunchScreen.storyboard in Resources */ = {isa = PBXBuildFile; fileRef = 5E75B655204F236200C79321 /* LaunchScreen.storyboard */; };
		5E75B662204F236300C79321 /* WeatherTests.swift in Sources */ = {isa = PBXBuildFile; fileRef = 5E75B661204F236300C79321 /* WeatherTests.swift */; };
		5E75B66D204F236300C79321 /* WeatherUITests.swift in Sources */ = {isa = PBXBuildFile; fileRef = 5E75B66C204F236300C79321 /* WeatherUITests.swift */; };
		5E75B67F204F294800C79321 /* constants.swift in Sources */ = {isa = PBXBuildFile; fileRef = 5E75B67E204F294800C79321 /* constants.swift */; };
		5E75B680204F294800C79321 /* constants.swift in Sources */ = {isa = PBXBuildFile; fileRef = 5E75B67E204F294800C79321 /* constants.swift */; };
		5E75B681204F294800C79321 /* constants.swift in Sources */ = {isa = PBXBuildFile; fileRef = 5E75B67E204F294800C79321 /* constants.swift */; };
		5E946AAB2051FAC1004182BF /* CardView.swift in Sources */ = {isa = PBXBuildFile; fileRef = 5E946AAA2051FAC1004182BF /* CardView.swift */; };
		5E946AB5205202DD004182BF /* WeatherCell.swift in Sources */ = {isa = PBXBuildFile; fileRef = 5E946AB4205202DD004182BF /* WeatherCell.swift */; };
		5E946AB6205202DD004182BF /* WeatherCell.swift in Sources */ = {isa = PBXBuildFile; fileRef = 5E946AB4205202DD004182BF /* WeatherCell.swift */; };
		5E946AB7205202DD004182BF /* WeatherCell.swift in Sources */ = {isa = PBXBuildFile; fileRef = 5E946AB4205202DD004182BF /* WeatherCell.swift */; };
		5E946ABA2052F413004182BF /* LocationService.swift in Sources */ = {isa = PBXBuildFile; fileRef = 5E946AB92052F413004182BF /* LocationService.swift */; };
		5E946ABB2052F413004182BF /* LocationService.swift in Sources */ = {isa = PBXBuildFile; fileRef = 5E946AB92052F413004182BF /* LocationService.swift */; };
		5E946ABC2052F413004182BF /* LocationService.swift in Sources */ = {isa = PBXBuildFile; fileRef = 5E946AB92052F413004182BF /* LocationService.swift */; };
		5E946ABE2052F5B5004182BF /* WeatherService.swift in Sources */ = {isa = PBXBuildFile; fileRef = 5E946ABD2052F5B5004182BF /* WeatherService.swift */; };
		5E946ABF2052F5B5004182BF /* WeatherService.swift in Sources */ = {isa = PBXBuildFile; fileRef = 5E946ABD2052F5B5004182BF /* WeatherService.swift */; };
		5E946AC02052F5B5004182BF /* WeatherService.swift in Sources */ = {isa = PBXBuildFile; fileRef = 5E946ABD2052F5B5004182BF /* WeatherService.swift */; };
		5E946AC22052F5DB004182BF /* WeatherServiceProtocol.swift in Sources */ = {isa = PBXBuildFile; fileRef = 5E946AC12052F5DB004182BF /* WeatherServiceProtocol.swift */; };
		5E946AC32052F5DB004182BF /* WeatherServiceProtocol.swift in Sources */ = {isa = PBXBuildFile; fileRef = 5E946AC12052F5DB004182BF /* WeatherServiceProtocol.swift */; };
		5E946AC42052F5DB004182BF /* WeatherServiceProtocol.swift in Sources */ = {isa = PBXBuildFile; fileRef = 5E946AC12052F5DB004182BF /* WeatherServiceProtocol.swift */; };
		5E946AC62052F6D9004182BF /* Weather.swift in Sources */ = {isa = PBXBuildFile; fileRef = 5E946AC52052F6D9004182BF /* Weather.swift */; };
		5E946AC72052F6D9004182BF /* Weather.swift in Sources */ = {isa = PBXBuildFile; fileRef = 5E946AC52052F6D9004182BF /* Weather.swift */; };
		5E946AC82052F6D9004182BF /* Weather.swift in Sources */ = {isa = PBXBuildFile; fileRef = 5E946AC52052F6D9004182BF /* Weather.swift */; };
		5E946ACA2052F982004182BF /* Observable.swift in Sources */ = {isa = PBXBuildFile; fileRef = 5E946AC92052F982004182BF /* Observable.swift */; };
		5E946ACB2052F982004182BF /* Observable.swift in Sources */ = {isa = PBXBuildFile; fileRef = 5E946AC92052F982004182BF /* Observable.swift */; };
		5E946ACC2052F982004182BF /* Observable.swift in Sources */ = {isa = PBXBuildFile; fileRef = 5E946AC92052F982004182BF /* Observable.swift */; };
		5E946ACE2052FF29004182BF /* Extension.swift in Sources */ = {isa = PBXBuildFile; fileRef = 5E946ACD2052FF29004182BF /* Extension.swift */; };
		5E946ACF2052FF29004182BF /* Extension.swift in Sources */ = {isa = PBXBuildFile; fileRef = 5E946ACD2052FF29004182BF /* Extension.swift */; };
		5E946AD02052FF29004182BF /* Extension.swift in Sources */ = {isa = PBXBuildFile; fileRef = 5E946ACD2052FF29004182BF /* Extension.swift */; };
		5E946AD220530A78004182BF /* WeatherPresenter.swift in Sources */ = {isa = PBXBuildFile; fileRef = 5E946AD120530A78004182BF /* WeatherPresenter.swift */; };
		5E946AD320530A79004182BF /* WeatherPresenter.swift in Sources */ = {isa = PBXBuildFile; fileRef = 5E946AD120530A78004182BF /* WeatherPresenter.swift */; };
		5E946AD420530A79004182BF /* WeatherPresenter.swift in Sources */ = {isa = PBXBuildFile; fileRef = 5E946AD120530A78004182BF /* WeatherPresenter.swift */; };
		5E946AD62053B122004182BF /* Connectivity .swift in Sources */ = {isa = PBXBuildFile; fileRef = 5E946AD52053B121004182BF /* Connectivity .swift */; };
		5E946AD72053B122004182BF /* Connectivity .swift in Sources */ = {isa = PBXBuildFile; fileRef = 5E946AD52053B121004182BF /* Connectivity .swift */; };
		5E946AD82053B122004182BF /* Connectivity .swift in Sources */ = {isa = PBXBuildFile; fileRef = 5E946AD52053B121004182BF /* Connectivity .swift */; };
		5E946ADA2053C0FE004182BF /* HeaderCell.swift in Sources */ = {isa = PBXBuildFile; fileRef = 5E946AD92053C0FE004182BF /* HeaderCell.swift */; };
		5E946ADB2053C0FE004182BF /* HeaderCell.swift in Sources */ = {isa = PBXBuildFile; fileRef = 5E946AD92053C0FE004182BF /* HeaderCell.swift */; };
		5E946ADC2053C0FE004182BF /* HeaderCell.swift in Sources */ = {isa = PBXBuildFile; fileRef = 5E946AD92053C0FE004182BF /* HeaderCell.swift */; };
		C0F953A0A9B41D0AD5C1727F /* Pods_WeatherTests.framework in Frameworks */ = {isa = PBXBuildFile; fileRef = A0C551705B8E60EB450D27DA /* Pods_WeatherTests.framework */; };
		CD9DB3D3A5F9409C63CE1CD8 /* Pods_Weather.framework in Frameworks */ = {isa = PBXBuildFile; fileRef = B8FE69BE3DC7030A82B02377 /* Pods_Weather.framework */; };
/* End PBXBuildFile section */

/* Begin PBXContainerItemProxy section */
		5E75B65E204F236300C79321 /* PBXContainerItemProxy */ = {
			isa = PBXContainerItemProxy;
			containerPortal = 5E75B641204F236200C79321 /* Project object */;
			proxyType = 1;
			remoteGlobalIDString = 5E75B648204F236200C79321;
			remoteInfo = Weather;
		};
		5E75B669204F236300C79321 /* PBXContainerItemProxy */ = {
			isa = PBXContainerItemProxy;
			containerPortal = 5E75B641204F236200C79321 /* Project object */;
			proxyType = 1;
			remoteGlobalIDString = 5E75B648204F236200C79321;
			remoteInfo = Weather;
		};
/* End PBXContainerItemProxy section */

/* Begin PBXFileReference section */
		26D5886A2AA549A814C5E032 /* Pods-WeatherTests.debug.xcconfig */ = {isa = PBXFileReference; includeInIndex = 1; lastKnownFileType = text.xcconfig; name = "Pods-WeatherTests.debug.xcconfig"; path = "Pods/Target Support Files/Pods-WeatherTests/Pods-WeatherTests.debug.xcconfig"; sourceTree = "<group>"; };
		5E75B649204F236200C79321 /* Weather.app */ = {isa = PBXFileReference; explicitFileType = wrapper.application; includeInIndex = 0; path = Weather.app; sourceTree = BUILT_PRODUCTS_DIR; };
		5E75B64C204F236200C79321 /* AppDelegate.swift */ = {isa = PBXFileReference; lastKnownFileType = sourcecode.swift; path = AppDelegate.swift; sourceTree = "<group>"; };
		5E75B64E204F236200C79321 /* WeatherViewController.swift */ = {isa = PBXFileReference; lastKnownFileType = sourcecode.swift; path = WeatherViewController.swift; sourceTree = "<group>"; };
		5E75B651204F236200C79321 /* Base */ = {isa = PBXFileReference; lastKnownFileType = file.storyboard; name = Base; path = Base.lproj/Main.storyboard; sourceTree = "<group>"; };
		5E75B653204F236200C79321 /* Assets.xcassets */ = {isa = PBXFileReference; lastKnownFileType = folder.assetcatalog; path = Assets.xcassets; sourceTree = "<group>"; };
		5E75B656204F236200C79321 /* Base */ = {isa = PBXFileReference; lastKnownFileType = file.storyboard; name = Base; path = Base.lproj/LaunchScreen.storyboard; sourceTree = "<group>"; };
		5E75B658204F236200C79321 /* Info.plist */ = {isa = PBXFileReference; lastKnownFileType = text.plist.xml; path = Info.plist; sourceTree = "<group>"; };
		5E75B65D204F236300C79321 /* WeatherTests.xctest */ = {isa = PBXFileReference; explicitFileType = wrapper.cfbundle; includeInIndex = 0; path = WeatherTests.xctest; sourceTree = BUILT_PRODUCTS_DIR; };
		5E75B661204F236300C79321 /* WeatherTests.swift */ = {isa = PBXFileReference; lastKnownFileType = sourcecode.swift; path = WeatherTests.swift; sourceTree = "<group>"; };
		5E75B663204F236300C79321 /* Info.plist */ = {isa = PBXFileReference; lastKnownFileType = text.plist.xml; path = Info.plist; sourceTree = "<group>"; };
		5E75B668204F236300C79321 /* WeatherUITests.xctest */ = {isa = PBXFileReference; explicitFileType = wrapper.cfbundle; includeInIndex = 0; path = WeatherUITests.xctest; sourceTree = BUILT_PRODUCTS_DIR; };
		5E75B66C204F236300C79321 /* WeatherUITests.swift */ = {isa = PBXFileReference; lastKnownFileType = sourcecode.swift; path = WeatherUITests.swift; sourceTree = "<group>"; };
		5E75B66E204F236300C79321 /* Info.plist */ = {isa = PBXFileReference; lastKnownFileType = text.plist.xml; path = Info.plist; sourceTree = "<group>"; };
		5E75B67E204F294800C79321 /* constants.swift */ = {isa = PBXFileReference; lastKnownFileType = sourcecode.swift; path = constants.swift; sourceTree = "<group>"; };
		5E946AAA2051FAC1004182BF /* CardView.swift */ = {isa = PBXFileReference; lastKnownFileType = sourcecode.swift; path = CardView.swift; sourceTree = "<group>"; };
		5E946AB4205202DD004182BF /* WeatherCell.swift */ = {isa = PBXFileReference; lastKnownFileType = sourcecode.swift; path = WeatherCell.swift; sourceTree = "<group>"; };
		5E946AB92052F413004182BF /* LocationService.swift */ = {isa = PBXFileReference; lastKnownFileType = sourcecode.swift; path = LocationService.swift; sourceTree = "<group>"; };
		5E946ABD2052F5B5004182BF /* WeatherService.swift */ = {isa = PBXFileReference; lastKnownFileType = sourcecode.swift; path = WeatherService.swift; sourceTree = "<group>"; };
		5E946AC12052F5DB004182BF /* WeatherServiceProtocol.swift */ = {isa = PBXFileReference; lastKnownFileType = sourcecode.swift; path = WeatherServiceProtocol.swift; sourceTree = "<group>"; };
		5E946AC52052F6D9004182BF /* Weather.swift */ = {isa = PBXFileReference; lastKnownFileType = sourcecode.swift; path = Weather.swift; sourceTree = "<group>"; };
		5E946AC92052F982004182BF /* Observable.swift */ = {isa = PBXFileReference; lastKnownFileType = sourcecode.swift; path = Observable.swift; sourceTree = "<group>"; };
		5E946ACD2052FF29004182BF /* Extension.swift */ = {isa = PBXFileReference; lastKnownFileType = sourcecode.swift; path = Extension.swift; sourceTree = "<group>"; };
		5E946AD120530A78004182BF /* WeatherPresenter.swift */ = {isa = PBXFileReference; lastKnownFileType = sourcecode.swift; path = WeatherPresenter.swift; sourceTree = "<group>"; };
		5E946AD52053B121004182BF /* Connectivity .swift */ = {isa = PBXFileReference; lastKnownFileType = sourcecode.swift; path = "Connectivity .swift"; sourceTree = "<group>"; };
		5E946AD92053C0FE004182BF /* HeaderCell.swift */ = {isa = PBXFileReference; lastKnownFileType = sourcecode.swift; path = HeaderCell.swift; sourceTree = "<group>"; };
		68AFBFA0EDEFEDB8AA02F1C2 /* Pods_WeatherUITests.framework */ = {isa = PBXFileReference; explicitFileType = wrapper.framework; includeInIndex = 0; path = Pods_WeatherUITests.framework; sourceTree = BUILT_PRODUCTS_DIR; };
		8727ED1BB741B0F86BB8D763 /* Pods-Weather.release.xcconfig */ = {isa = PBXFileReference; includeInIndex = 1; lastKnownFileType = text.xcconfig; name = "Pods-Weather.release.xcconfig"; path = "Pods/Target Support Files/Pods-Weather/Pods-Weather.release.xcconfig"; sourceTree = "<group>"; };
		914BFB3B5F2EC7A546C825F5 /* Pods-WeatherUITests.debug.xcconfig */ = {isa = PBXFileReference; includeInIndex = 1; lastKnownFileType = text.xcconfig; name = "Pods-WeatherUITests.debug.xcconfig"; path = "Pods/Target Support Files/Pods-WeatherUITests/Pods-WeatherUITests.debug.xcconfig"; sourceTree = "<group>"; };
		94DB0488713F91F5B5D5EFB5 /* Pods-WeatherUITests.release.xcconfig */ = {isa = PBXFileReference; includeInIndex = 1; lastKnownFileType = text.xcconfig; name = "Pods-WeatherUITests.release.xcconfig"; path = "Pods/Target Support Files/Pods-WeatherUITests/Pods-WeatherUITests.release.xcconfig"; sourceTree = "<group>"; };
		A0C551705B8E60EB450D27DA /* Pods_WeatherTests.framework */ = {isa = PBXFileReference; explicitFileType = wrapper.framework; includeInIndex = 0; path = Pods_WeatherTests.framework; sourceTree = BUILT_PRODUCTS_DIR; };
		A647D450375DAC2FD5EF3B06 /* Pods-WeatherTests.release.xcconfig */ = {isa = PBXFileReference; includeInIndex = 1; lastKnownFileType = text.xcconfig; name = "Pods-WeatherTests.release.xcconfig"; path = "Pods/Target Support Files/Pods-WeatherTests/Pods-WeatherTests.release.xcconfig"; sourceTree = "<group>"; };
		AE016905664DA30B80960DF4 /* Pods-Weather.debug.xcconfig */ = {isa = PBXFileReference; includeInIndex = 1; lastKnownFileType = text.xcconfig; name = "Pods-Weather.debug.xcconfig"; path = "Pods/Target Support Files/Pods-Weather/Pods-Weather.debug.xcconfig"; sourceTree = "<group>"; };
		B8FE69BE3DC7030A82B02377 /* Pods_Weather.framework */ = {isa = PBXFileReference; explicitFileType = wrapper.framework; includeInIndex = 0; path = Pods_Weather.framework; sourceTree = BUILT_PRODUCTS_DIR; };
/* End PBXFileReference section */

/* Begin PBXFrameworksBuildPhase section */
		5E75B646204F236200C79321 /* Frameworks */ = {
			isa = PBXFrameworksBuildPhase;
			buildActionMask = 2147483647;
			files = (
				CD9DB3D3A5F9409C63CE1CD8 /* Pods_Weather.framework in Frameworks */,
			);
			runOnlyForDeploymentPostprocessing = 0;
		};
		5E75B65A204F236300C79321 /* Frameworks */ = {
			isa = PBXFrameworksBuildPhase;
			buildActionMask = 2147483647;
			files = (
				C0F953A0A9B41D0AD5C1727F /* Pods_WeatherTests.framework in Frameworks */,
			);
			runOnlyForDeploymentPostprocessing = 0;
		};
		5E75B665204F236300C79321 /* Frameworks */ = {
			isa = PBXFrameworksBuildPhase;
			buildActionMask = 2147483647;
			files = (
				2BED6C70577E2B96232AB97F /* Pods_WeatherUITests.framework in Frameworks */,
			);
			runOnlyForDeploymentPostprocessing = 0;
		};
/* End PBXFrameworksBuildPhase section */

/* Begin PBXGroup section */
		5E75B640204F236200C79321 = {
			isa = PBXGroup;
			children = (
				5E75B64B204F236200C79321 /* Weather */,
				5E75B660204F236300C79321 /* WeatherTests */,
				5E75B66B204F236300C79321 /* WeatherUITests */,
				5E75B64A204F236200C79321 /* Products */,
				F58F9DEA533A66E1482D2574 /* Pods */,
				6D900E5CA9B06C39EC3F0217 /* Frameworks */,
			);
			sourceTree = "<group>";
		};
		5E75B64A204F236200C79321 /* Products */ = {
			isa = PBXGroup;
			children = (
				5E75B649204F236200C79321 /* Weather.app */,
				5E75B65D204F236300C79321 /* WeatherTests.xctest */,
				5E75B668204F236300C79321 /* WeatherUITests.xctest */,
			);
			name = Products;
			sourceTree = "<group>";
		};
		5E75B64B204F236200C79321 /* Weather */ = {
			isa = PBXGroup;
			children = (
				5E946AB82052F3F6004182BF /* Network */,
				5E75B67D204F27D900C79321 /* Utils */,
				5E75B67A204F27B400C79321 /* Model */,
				5E75B67B204F27BD00C79321 /* View */,
				5E75B67C204F27C400C79321 /* Controller */,
				5E75B64C204F236200C79321 /* AppDelegate.swift */,
				5E75B650204F236200C79321 /* Main.storyboard */,
				5E75B653204F236200C79321 /* Assets.xcassets */,
				5E75B655204F236200C79321 /* LaunchScreen.storyboard */,
				5E75B658204F236200C79321 /* Info.plist */,
			);
			path = Weather;
			sourceTree = "<group>";
		};
		5E75B660204F236300C79321 /* WeatherTests */ = {
			isa = PBXGroup;
			children = (
				5E75B661204F236300C79321 /* WeatherTests.swift */,
				5E75B663204F236300C79321 /* Info.plist */,
			);
			path = WeatherTests;
			sourceTree = "<group>";
		};
		5E75B66B204F236300C79321 /* WeatherUITests */ = {
			isa = PBXGroup;
			children = (
				5E75B66C204F236300C79321 /* WeatherUITests.swift */,
				5E75B66E204F236300C79321 /* Info.plist */,
			);
			path = WeatherUITests;
			sourceTree = "<group>";
		};
		5E75B67A204F27B400C79321 /* Model */ = {
			isa = PBXGroup;
			children = (
				5E946AC52052F6D9004182BF /* Weather.swift */,
				5E946AD120530A78004182BF /* WeatherPresenter.swift */,
			);
			path = Model;
			sourceTree = "<group>";
		};
		5E75B67B204F27BD00C79321 /* View */ = {
			isa = PBXGroup;
			children = (
				5E946AAA2051FAC1004182BF /* CardView.swift */,
				5E946AB4205202DD004182BF /* WeatherCell.swift */,
				5E946AD92053C0FE004182BF /* HeaderCell.swift */,
			);
			path = View;
			sourceTree = "<group>";
		};
		5E75B67C204F27C400C79321 /* Controller */ = {
			isa = PBXGroup;
			children = (
				5E75B64E204F236200C79321 /* WeatherViewController.swift */,
			);
			path = Controller;
			sourceTree = "<group>";
		};
		5E75B67D204F27D900C79321 /* Utils */ = {
			isa = PBXGroup;
			children = (
				5E75B67E204F294800C79321 /* constants.swift */,
				5E946AC92052F982004182BF /* Observable.swift */,
				5E946ACD2052FF29004182BF /* Extension.swift */,
			);
			path = Utils;
			sourceTree = "<group>";
		};
		5E946AB82052F3F6004182BF /* Network */ = {
			isa = PBXGroup;
			children = (
				5E946AD52053B121004182BF /* Connectivity .swift */,
				5E946AB92052F413004182BF /* LocationService.swift */,
				5E946ABD2052F5B5004182BF /* WeatherService.swift */,
				5E946AC12052F5DB004182BF /* WeatherServiceProtocol.swift */,
			);
			path = Network;
			sourceTree = "<group>";
		};
		6D900E5CA9B06C39EC3F0217 /* Frameworks */ = {
			isa = PBXGroup;
			children = (
				B8FE69BE3DC7030A82B02377 /* Pods_Weather.framework */,
				A0C551705B8E60EB450D27DA /* Pods_WeatherTests.framework */,
				68AFBFA0EDEFEDB8AA02F1C2 /* Pods_WeatherUITests.framework */,
			);
			name = Frameworks;
			sourceTree = "<group>";
		};
		F58F9DEA533A66E1482D2574 /* Pods */ = {
			isa = PBXGroup;
			children = (
				AE016905664DA30B80960DF4 /* Pods-Weather.debug.xcconfig */,
				8727ED1BB741B0F86BB8D763 /* Pods-Weather.release.xcconfig */,
				26D5886A2AA549A814C5E032 /* Pods-WeatherTests.debug.xcconfig */,
				A647D450375DAC2FD5EF3B06 /* Pods-WeatherTests.release.xcconfig */,
				914BFB3B5F2EC7A546C825F5 /* Pods-WeatherUITests.debug.xcconfig */,
				94DB0488713F91F5B5D5EFB5 /* Pods-WeatherUITests.release.xcconfig */,
			);
			name = Pods;
			sourceTree = "<group>";
		};
/* End PBXGroup section */

/* Begin PBXNativeTarget section */
		5E75B648204F236200C79321 /* Weather */ = {
			isa = PBXNativeTarget;
			buildConfigurationList = 5E75B671204F236300C79321 /* Build configuration list for PBXNativeTarget "Weather" */;
			buildPhases = (
				60F346E46DC15FDC3A07E67F /* [CP] Check Pods Manifest.lock */,
				5E75B645204F236200C79321 /* Sources */,
				5E75B646204F236200C79321 /* Frameworks */,
				5E75B647204F236200C79321 /* Resources */,
				7200BA33B4839C05D1428119 /* [CP] Embed Pods Frameworks */,
				97B7F224DF58040D468622E3 /* [CP] Copy Pods Resources */,
			);
			buildRules = (
			);
			dependencies = (
			);
			name = Weather;
			productName = Weather;
			productReference = 5E75B649204F236200C79321 /* Weather.app */;
			productType = "com.apple.product-type.application";
		};
		5E75B65C204F236300C79321 /* WeatherTests */ = {
			isa = PBXNativeTarget;
			buildConfigurationList = 5E75B674204F236300C79321 /* Build configuration list for PBXNativeTarget "WeatherTests" */;
			buildPhases = (
				97DF38B82DF13DF1E53D5F32 /* [CP] Check Pods Manifest.lock */,
				5E75B659204F236300C79321 /* Sources */,
				5E75B65A204F236300C79321 /* Frameworks */,
				5E75B65B204F236300C79321 /* Resources */,
				21DCF4C785124553AA501B93 /* [CP] Embed Pods Frameworks */,
				FA51E1F7A4A2F3A859BFA061 /* [CP] Copy Pods Resources */,
			);
			buildRules = (
			);
			dependencies = (
				5E75B65F204F236300C79321 /* PBXTargetDependency */,
			);
			name = WeatherTests;
			productName = WeatherTests;
			productReference = 5E75B65D204F236300C79321 /* WeatherTests.xctest */;
			productType = "com.apple.product-type.bundle.unit-test";
		};
		5E75B667204F236300C79321 /* WeatherUITests */ = {
			isa = PBXNativeTarget;
			buildConfigurationList = 5E75B677204F236300C79321 /* Build configuration list for PBXNativeTarget "WeatherUITests" */;
			buildPhases = (
				DA7B9E3345571D549BDE020B /* [CP] Check Pods Manifest.lock */,
				5E75B664204F236300C79321 /* Sources */,
				5E75B665204F236300C79321 /* Frameworks */,
				5E75B666204F236300C79321 /* Resources */,
				F373B55E51A37E50AAF99DD9 /* [CP] Embed Pods Frameworks */,
				E81A905BC307455CE4768F78 /* [CP] Copy Pods Resources */,
			);
			buildRules = (
			);
			dependencies = (
				5E75B66A204F236300C79321 /* PBXTargetDependency */,
			);
			name = WeatherUITests;
			productName = WeatherUITests;
			productReference = 5E75B668204F236300C79321 /* WeatherUITests.xctest */;
			productType = "com.apple.product-type.bundle.ui-testing";
		};
/* End PBXNativeTarget section */

/* Begin PBXProject section */
		5E75B641204F236200C79321 /* Project object */ = {
			isa = PBXProject;
			attributes = {
				LastSwiftUpdateCheck = 0920;
				LastUpgradeCheck = 0920;
				ORGANIZATIONNAME = "george kapoya";
				TargetAttributes = {
					5E75B648204F236200C79321 = {
						CreatedOnToolsVersion = 9.2;
						ProvisioningStyle = Manual;
					};
					5E75B65C204F236300C79321 = {
						CreatedOnToolsVersion = 9.2;
						ProvisioningStyle = Automatic;
						TestTargetID = 5E75B648204F236200C79321;
					};
					5E75B667204F236300C79321 = {
						CreatedOnToolsVersion = 9.2;
						ProvisioningStyle = Automatic;
						TestTargetID = 5E75B648204F236200C79321;
					};
				};
			};
			buildConfigurationList = 5E75B644204F236200C79321 /* Build configuration list for PBXProject "Weather" */;
			compatibilityVersion = "Xcode 8.0";
			developmentRegion = en;
			hasScannedForEncodings = 0;
			knownRegions = (
				en,
				Base,
			);
			mainGroup = 5E75B640204F236200C79321;
			productRefGroup = 5E75B64A204F236200C79321 /* Products */;
			projectDirPath = "";
			projectRoot = "";
			targets = (
				5E75B648204F236200C79321 /* Weather */,
				5E75B65C204F236300C79321 /* WeatherTests */,
				5E75B667204F236300C79321 /* WeatherUITests */,
			);
		};
/* End PBXProject section */

/* Begin PBXResourcesBuildPhase section */
		5E75B647204F236200C79321 /* Resources */ = {
			isa = PBXResourcesBuildPhase;
			buildActionMask = 2147483647;
			files = (
				5E75B657204F236200C79321 /* LaunchScreen.storyboard in Resources */,
				5E75B654204F236200C79321 /* Assets.xcassets in Resources */,
				5E75B652204F236200C79321 /* Main.storyboard in Resources */,
			);
			runOnlyForDeploymentPostprocessing = 0;
		};
		5E75B65B204F236300C79321 /* Resources */ = {
			isa = PBXResourcesBuildPhase;
			buildActionMask = 2147483647;
			files = (
			);
			runOnlyForDeploymentPostprocessing = 0;
		};
		5E75B666204F236300C79321 /* Resources */ = {
			isa = PBXResourcesBuildPhase;
			buildActionMask = 2147483647;
			files = (
			);
			runOnlyForDeploymentPostprocessing = 0;
		};
/* End PBXResourcesBuildPhase section */

/* Begin PBXShellScriptBuildPhase section */
		21DCF4C785124553AA501B93 /* [CP] Embed Pods Frameworks */ = {
			isa = PBXShellScriptBuildPhase;
			buildActionMask = 2147483647;
			files = (
			);
			inputPaths = (
			);
			name = "[CP] Embed Pods Frameworks";
			outputPaths = (
			);
			runOnlyForDeploymentPostprocessing = 0;
			shellPath = /bin/sh;
			shellScript = "\"${SRCROOT}/Pods/Target Support Files/Pods-WeatherTests/Pods-WeatherTests-frameworks.sh\"\n";
			showEnvVarsInLog = 0;
		};
		60F346E46DC15FDC3A07E67F /* [CP] Check Pods Manifest.lock */ = {
			isa = PBXShellScriptBuildPhase;
			buildActionMask = 2147483647;
			files = (
			);
			inputPaths = (
				"${PODS_PODFILE_DIR_PATH}/Podfile.lock",
				"${PODS_ROOT}/Manifest.lock",
			);
			name = "[CP] Check Pods Manifest.lock";
			outputPaths = (
				"$(DERIVED_FILE_DIR)/Pods-Weather-checkManifestLockResult.txt",
			);
			runOnlyForDeploymentPostprocessing = 0;
			shellPath = /bin/sh;
			shellScript = "diff \"${PODS_PODFILE_DIR_PATH}/Podfile.lock\" \"${PODS_ROOT}/Manifest.lock\" > /dev/null\nif [ $? != 0 ] ; then\n    # print error to STDERR\n    echo \"error: The sandbox is not in sync with the Podfile.lock. Run 'pod install' or update your CocoaPods installation.\" >&2\n    exit 1\nfi\n# This output is used by Xcode 'outputs' to avoid re-running this script phase.\necho \"SUCCESS\" > \"${SCRIPT_OUTPUT_FILE_0}\"\n";
			showEnvVarsInLog = 0;
		};
		7200BA33B4839C05D1428119 /* [CP] Embed Pods Frameworks */ = {
			isa = PBXShellScriptBuildPhase;
			buildActionMask = 2147483647;
			files = (
			);
			inputPaths = (
				"${SRCROOT}/Pods/Target Support Files/Pods-Weather/Pods-Weather-frameworks.sh",
				"${BUILT_PRODUCTS_DIR}/Alamofire/Alamofire.framework",
				"${BUILT_PRODUCTS_DIR}/SDWebImage/SDWebImage.framework",
				"${BUILT_PRODUCTS_DIR}/SwiftyJSON/SwiftyJSON.framework",
			);
			name = "[CP] Embed Pods Frameworks";
			outputPaths = (
				"${TARGET_BUILD_DIR}/${FRAMEWORKS_FOLDER_PATH}/Alamofire.framework",
				"${TARGET_BUILD_DIR}/${FRAMEWORKS_FOLDER_PATH}/SDWebImage.framework",
				"${TARGET_BUILD_DIR}/${FRAMEWORKS_FOLDER_PATH}/SwiftyJSON.framework",
			);
			runOnlyForDeploymentPostprocessing = 0;
			shellPath = /bin/sh;
			shellScript = "\"${SRCROOT}/Pods/Target Support Files/Pods-Weather/Pods-Weather-frameworks.sh\"\n";
			showEnvVarsInLog = 0;
		};
		97B7F224DF58040D468622E3 /* [CP] Copy Pods Resources */ = {
			isa = PBXShellScriptBuildPhase;
			buildActionMask = 2147483647;
			files = (
			);
			inputPaths = (
			);
			name = "[CP] Copy Pods Resources";
			outputPaths = (
			);
			runOnlyForDeploymentPostprocessing = 0;
			shellPath = /bin/sh;
			shellScript = "\"${SRCROOT}/Pods/Target Support Files/Pods-Weather/Pods-Weather-resources.sh\"\n";
			showEnvVarsInLog = 0;
		};
		97DF38B82DF13DF1E53D5F32 /* [CP] Check Pods Manifest.lock */ = {
			isa = PBXShellScriptBuildPhase;
			buildActionMask = 2147483647;
			files = (
			);
			inputPaths = (
				"${PODS_PODFILE_DIR_PATH}/Podfile.lock",
				"${PODS_ROOT}/Manifest.lock",
			);
			name = "[CP] Check Pods Manifest.lock";
			outputPaths = (
				"$(DERIVED_FILE_DIR)/Pods-WeatherTests-checkManifestLockResult.txt",
			);
			runOnlyForDeploymentPostprocessing = 0;
			shellPath = /bin/sh;
			shellScript = "diff \"${PODS_PODFILE_DIR_PATH}/Podfile.lock\" \"${PODS_ROOT}/Manifest.lock\" > /dev/null\nif [ $? != 0 ] ; then\n    # print error to STDERR\n    echo \"error: The sandbox is not in sync with the Podfile.lock. Run 'pod install' or update your CocoaPods installation.\" >&2\n    exit 1\nfi\n# This output is used by Xcode 'outputs' to avoid re-running this script phase.\necho \"SUCCESS\" > \"${SCRIPT_OUTPUT_FILE_0}\"\n";
			showEnvVarsInLog = 0;
		};
		DA7B9E3345571D549BDE020B /* [CP] Check Pods Manifest.lock */ = {
			isa = PBXShellScriptBuildPhase;
			buildActionMask = 2147483647;
			files = (
			);
			inputPaths = (
				"${PODS_PODFILE_DIR_PATH}/Podfile.lock",
				"${PODS_ROOT}/Manifest.lock",
			);
			name = "[CP] Check Pods Manifest.lock";
			outputPaths = (
				"$(DERIVED_FILE_DIR)/Pods-WeatherUITests-checkManifestLockResult.txt",
			);
			runOnlyForDeploymentPostprocessing = 0;
			shellPath = /bin/sh;
			shellScript = "diff \"${PODS_PODFILE_DIR_PATH}/Podfile.lock\" \"${PODS_ROOT}/Manifest.lock\" > /dev/null\nif [ $? != 0 ] ; then\n    # print error to STDERR\n    echo \"error: The sandbox is not in sync with the Podfile.lock. Run 'pod install' or update your CocoaPods installation.\" >&2\n    exit 1\nfi\n# This output is used by Xcode 'outputs' to avoid re-running this script phase.\necho \"SUCCESS\" > \"${SCRIPT_OUTPUT_FILE_0}\"\n";
			showEnvVarsInLog = 0;
		};
		E81A905BC307455CE4768F78 /* [CP] Copy Pods Resources */ = {
			isa = PBXShellScriptBuildPhase;
			buildActionMask = 2147483647;
			files = (
			);
			inputPaths = (
			);
			name = "[CP] Copy Pods Resources";
			outputPaths = (
			);
			runOnlyForDeploymentPostprocessing = 0;
			shellPath = /bin/sh;
			shellScript = "\"${SRCROOT}/Pods/Target Support Files/Pods-WeatherUITests/Pods-WeatherUITests-resources.sh\"\n";
			showEnvVarsInLog = 0;
		};
		F373B55E51A37E50AAF99DD9 /* [CP] Embed Pods Frameworks */ = {
			isa = PBXShellScriptBuildPhase;
			buildActionMask = 2147483647;
			files = (
			);
			inputPaths = (
			);
			name = "[CP] Embed Pods Frameworks";
			outputPaths = (
			);
			runOnlyForDeploymentPostprocessing = 0;
			shellPath = /bin/sh;
			shellScript = "\"${SRCROOT}/Pods/Target Support Files/Pods-WeatherUITests/Pods-WeatherUITests-frameworks.sh\"\n";
			showEnvVarsInLog = 0;
		};
		FA51E1F7A4A2F3A859BFA061 /* [CP] Copy Pods Resources */ = {
			isa = PBXShellScriptBuildPhase;
			buildActionMask = 2147483647;
			files = (
			);
			inputPaths = (
			);
			name = "[CP] Copy Pods Resources";
			outputPaths = (
			);
			runOnlyForDeploymentPostprocessing = 0;
			shellPath = /bin/sh;
			shellScript = "\"${SRCROOT}/Pods/Target Support Files/Pods-WeatherTests/Pods-WeatherTests-resources.sh\"\n";
			showEnvVarsInLog = 0;
		};
/* End PBXShellScriptBuildPhase section */

/* Begin PBXSourcesBuildPhase section */
		5E75B645204F236200C79321 /* Sources */ = {
			isa = PBXSourcesBuildPhase;
			buildActionMask = 2147483647;
			files = (
				5E75B64F204F236200C79321 /* WeatherViewController.swift in Sources */,
				5E946AD220530A78004182BF /* WeatherPresenter.swift in Sources */,
				5E946ABE2052F5B5004182BF /* WeatherService.swift in Sources */,
				5E946AC22052F5DB004182BF /* WeatherServiceProtocol.swift in Sources */,
				5E75B64D204F236200C79321 /* AppDelegate.swift in Sources */,
				5E946ACE2052FF29004182BF /* Extension.swift in Sources */,
				5E946ADA2053C0FE004182BF /* HeaderCell.swift in Sources */,
				5E946AC62052F6D9004182BF /* Weather.swift in Sources */,
				5E946AB5205202DD004182BF /* WeatherCell.swift in Sources */,
				5E946ACA2052F982004182BF /* Observable.swift in Sources */,
				5E946AD62053B122004182BF /* Connectivity .swift in Sources */,
				5E946AAB2051FAC1004182BF /* CardView.swift in Sources */,
				5E946ABA2052F413004182BF /* LocationService.swift in Sources */,
				5E75B67F204F294800C79321 /* constants.swift in Sources */,
			);
			runOnlyForDeploymentPostprocessing = 0;
		};
		5E75B659204F236300C79321 /* Sources */ = {
			isa = PBXSourcesBuildPhase;
			buildActionMask = 2147483647;
			files = (
				5E946ACF2052FF29004182BF /* Extension.swift in Sources */,
				5E946ACB2052F982004182BF /* Observable.swift in Sources */,
				5E946AC32052F5DB004182BF /* WeatherServiceProtocol.swift in Sources */,
				5E75B662204F236300C79321 /* WeatherTests.swift in Sources */,
				5E946ADB2053C0FE004182BF /* HeaderCell.swift in Sources */,
				5E75B680204F294800C79321 /* constants.swift in Sources */,
				5E946AD320530A79004182BF /* WeatherPresenter.swift in Sources */,
				5E946ABB2052F413004182BF /* LocationService.swift in Sources */,
				5E946AD72053B122004182BF /* Connectivity .swift in Sources */,
				5E946ABF2052F5B5004182BF /* WeatherService.swift in Sources */,
				5E946AB6205202DD004182BF /* WeatherCell.swift in Sources */,
				5E946AC72052F6D9004182BF /* Weather.swift in Sources */,
			);
			runOnlyForDeploymentPostprocessing = 0;
		};
		5E75B664204F236300C79321 /* Sources */ = {
			isa = PBXSourcesBuildPhase;
			buildActionMask = 2147483647;
			files = (
				5E946AD02052FF29004182BF /* Extension.swift in Sources */,
				5E946ACC2052F982004182BF /* Observable.swift in Sources */,
				5E946AC42052F5DB004182BF /* WeatherServiceProtocol.swift in Sources */,
				5E75B66D204F236300C79321 /* WeatherUITests.swift in Sources */,
				5E946ADC2053C0FE004182BF /* HeaderCell.swift in Sources */,
				5E75B681204F294800C79321 /* constants.swift in Sources */,
				5E946AD420530A79004182BF /* WeatherPresenter.swift in Sources */,
				5E946ABC2052F413004182BF /* LocationService.swift in Sources */,
				5E946AD82053B122004182BF /* Connectivity .swift in Sources */,
				5E946AC02052F5B5004182BF /* WeatherService.swift in Sources */,
				5E946AB7205202DD004182BF /* WeatherCell.swift in Sources */,
				5E946AC82052F6D9004182BF /* Weather.swift in Sources */,
			);
			runOnlyForDeploymentPostprocessing = 0;
		};
/* End PBXSourcesBuildPhase section */

/* Begin PBXTargetDependency section */
		5E75B65F204F236300C79321 /* PBXTargetDependency */ = {
			isa = PBXTargetDependency;
			target = 5E75B648204F236200C79321 /* Weather */;
			targetProxy = 5E75B65E204F236300C79321 /* PBXContainerItemProxy */;
		};
		5E75B66A204F236300C79321 /* PBXTargetDependency */ = {
			isa = PBXTargetDependency;
			target = 5E75B648204F236200C79321 /* Weather */;
			targetProxy = 5E75B669204F236300C79321 /* PBXContainerItemProxy */;
		};
/* End PBXTargetDependency section */

/* Begin PBXVariantGroup section */
		5E75B650204F236200C79321 /* Main.storyboard */ = {
			isa = PBXVariantGroup;
			children = (
				5E75B651204F236200C79321 /* Base */,
			);
			name = Main.storyboard;
			sourceTree = "<group>";
		};
		5E75B655204F236200C79321 /* LaunchScreen.storyboard */ = {
			isa = PBXVariantGroup;
			children = (
				5E75B656204F236200C79321 /* Base */,
			);
			name = LaunchScreen.storyboard;
			sourceTree = "<group>";
		};
/* End PBXVariantGroup section */

/* Begin XCBuildConfiguration section */
		5E75B66F204F236300C79321 /* Debug */ = {
			isa = XCBuildConfiguration;
			buildSettings = {
				ALWAYS_SEARCH_USER_PATHS = NO;
				CLANG_ANALYZER_NONNULL = YES;
				CLANG_ANALYZER_NUMBER_OBJECT_CONVERSION = YES_AGGRESSIVE;
				CLANG_CXX_LANGUAGE_STANDARD = "gnu++14";
				CLANG_CXX_LIBRARY = "libc++";
				CLANG_ENABLE_MODULES = YES;
				CLANG_ENABLE_OBJC_ARC = YES;
				CLANG_WARN_BLOCK_CAPTURE_AUTORELEASING = YES;
				CLANG_WARN_BOOL_CONVERSION = YES;
				CLANG_WARN_COMMA = YES;
				CLANG_WARN_CONSTANT_CONVERSION = YES;
				CLANG_WARN_DIRECT_OBJC_ISA_USAGE = YES_ERROR;
				CLANG_WARN_DOCUMENTATION_COMMENTS = YES;
				CLANG_WARN_EMPTY_BODY = YES;
				CLANG_WARN_ENUM_CONVERSION = YES;
				CLANG_WARN_INFINITE_RECURSION = YES;
				CLANG_WARN_INT_CONVERSION = YES;
				CLANG_WARN_NON_LITERAL_NULL_CONVERSION = YES;
				CLANG_WARN_OBJC_LITERAL_CONVERSION = YES;
				CLANG_WARN_OBJC_ROOT_CLASS = YES_ERROR;
				CLANG_WARN_RANGE_LOOP_ANALYSIS = YES;
				CLANG_WARN_STRICT_PROTOTYPES = YES;
				CLANG_WARN_SUSPICIOUS_MOVE = YES;
				CLANG_WARN_UNGUARDED_AVAILABILITY = YES_AGGRESSIVE;
				CLANG_WARN_UNREACHABLE_CODE = YES;
				CLANG_WARN__DUPLICATE_METHOD_MATCH = YES;
				CODE_SIGN_IDENTITY = "iPhone Developer";
				COPY_PHASE_STRIP = NO;
				DEBUG_INFORMATION_FORMAT = dwarf;
				ENABLE_STRICT_OBJC_MSGSEND = YES;
				ENABLE_TESTABILITY = YES;
				GCC_C_LANGUAGE_STANDARD = gnu11;
				GCC_DYNAMIC_NO_PIC = NO;
				GCC_NO_COMMON_BLOCKS = YES;
				GCC_OPTIMIZATION_LEVEL = 0;
				GCC_PREPROCESSOR_DEFINITIONS = (
					"DEBUG=1",
					"$(inherited)",
				);
				GCC_WARN_64_TO_32_BIT_CONVERSION = YES;
				GCC_WARN_ABOUT_RETURN_TYPE = YES_ERROR;
				GCC_WARN_UNDECLARED_SELECTOR = YES;
				GCC_WARN_UNINITIALIZED_AUTOS = YES_AGGRESSIVE;
				GCC_WARN_UNUSED_FUNCTION = YES;
				GCC_WARN_UNUSED_VARIABLE = YES;
				IPHONEOS_DEPLOYMENT_TARGET = 11.2;
				MTL_ENABLE_DEBUG_INFO = YES;
				ONLY_ACTIVE_ARCH = YES;
				SDKROOT = iphoneos;
				SWIFT_ACTIVE_COMPILATION_CONDITIONS = DEBUG;
				SWIFT_OPTIMIZATION_LEVEL = "-Onone";
			};
			name = Debug;
		};
		5E75B670204F236300C79321 /* Release */ = {
			isa = XCBuildConfiguration;
			buildSettings = {
				ALWAYS_SEARCH_USER_PATHS = NO;
				CLANG_ANALYZER_NONNULL = YES;
				CLANG_ANALYZER_NUMBER_OBJECT_CONVERSION = YES_AGGRESSIVE;
				CLANG_CXX_LANGUAGE_STANDARD = "gnu++14";
				CLANG_CXX_LIBRARY = "libc++";
				CLANG_ENABLE_MODULES = YES;
				CLANG_ENABLE_OBJC_ARC = YES;
				CLANG_WARN_BLOCK_CAPTURE_AUTORELEASING = YES;
				CLANG_WARN_BOOL_CONVERSION = YES;
				CLANG_WARN_COMMA = YES;
				CLANG_WARN_CONSTANT_CONVERSION = YES;
				CLANG_WARN_DIRECT_OBJC_ISA_USAGE = YES_ERROR;
				CLANG_WARN_DOCUMENTATION_COMMENTS = YES;
				CLANG_WARN_EMPTY_BODY = YES;
				CLANG_WARN_ENUM_CONVERSION = YES;
				CLANG_WARN_INFINITE_RECURSION = YES;
				CLANG_WARN_INT_CONVERSION = YES;
				CLANG_WARN_NON_LITERAL_NULL_CONVERSION = YES;
				CLANG_WARN_OBJC_LITERAL_CONVERSION = YES;
				CLANG_WARN_OBJC_ROOT_CLASS = YES_ERROR;
				CLANG_WARN_RANGE_LOOP_ANALYSIS = YES;
				CLANG_WARN_STRICT_PROTOTYPES = YES;
				CLANG_WARN_SUSPICIOUS_MOVE = YES;
				CLANG_WARN_UNGUARDED_AVAILABILITY = YES_AGGRESSIVE;
				CLANG_WARN_UNREACHABLE_CODE = YES;
				CLANG_WARN__DUPLICATE_METHOD_MATCH = YES;
				CODE_SIGN_IDENTITY = "iPhone Developer";
				COPY_PHASE_STRIP = NO;
				DEBUG_INFORMATION_FORMAT = "dwarf-with-dsym";
				ENABLE_NS_ASSERTIONS = NO;
				ENABLE_STRICT_OBJC_MSGSEND = YES;
				GCC_C_LANGUAGE_STANDARD = gnu11;
				GCC_NO_COMMON_BLOCKS = YES;
				GCC_WARN_64_TO_32_BIT_CONVERSION = YES;
				GCC_WARN_ABOUT_RETURN_TYPE = YES_ERROR;
				GCC_WARN_UNDECLARED_SELECTOR = YES;
				GCC_WARN_UNINITIALIZED_AUTOS = YES_AGGRESSIVE;
				GCC_WARN_UNUSED_FUNCTION = YES;
				GCC_WARN_UNUSED_VARIABLE = YES;
				IPHONEOS_DEPLOYMENT_TARGET = 11.2;
				MTL_ENABLE_DEBUG_INFO = NO;
				SDKROOT = iphoneos;
				SWIFT_OPTIMIZATION_LEVEL = "-Owholemodule";
				VALIDATE_PRODUCT = YES;
			};
			name = Release;
		};
		5E75B672204F236300C79321 /* Debug */ = {
			isa = XCBuildConfiguration;
			baseConfigurationReference = AE016905664DA30B80960DF4 /* Pods-Weather.debug.xcconfig */;
			buildSettings = {
				ASSETCATALOG_COMPILER_APPICON_NAME = AppIcon;
				CODE_SIGN_IDENTITY = "iPhone Distribution: ECA Internet (PTY) LTD";
				CODE_SIGN_STYLE = Manual;
				DEVELOPMENT_TEAM = XG8766C4Q9;
				INFOPLIST_FILE = Weather/Info.plist;
				IPHONEOS_DEPLOYMENT_TARGET = 10.3;
				LD_RUNPATH_SEARCH_PATHS = "$(inherited) @executable_path/Frameworks";
				PRODUCT_BUNDLE_IDENTIFIER = za.co.immediaenterprise.fabrik.bencap;
				PRODUCT_NAME = "$(TARGET_NAME)";
				PROVISIONING_PROFILE = "c86b7708-52f9-4e07-9e36-38cce027c3d3";
				PROVISIONING_PROFILE_SPECIFIER = "";
				SWIFT_VERSION = 4.0;
				TARGETED_DEVICE_FAMILY = "1,2";
			};
			name = Debug;
		};
		5E75B673204F236300C79321 /* Release */ = {
			isa = XCBuildConfiguration;
			baseConfigurationReference = 8727ED1BB741B0F86BB8D763 /* Pods-Weather.release.xcconfig */;
			buildSettings = {
				ASSETCATALOG_COMPILER_APPICON_NAME = AppIcon;
				CODE_SIGN_IDENTITY = "iPhone Distribution: ECA Internet (PTY) LTD";
				CODE_SIGN_STYLE = Manual;
				DEVELOPMENT_TEAM = XG8766C4Q9;
				INFOPLIST_FILE = Weather/Info.plist;
				IPHONEOS_DEPLOYMENT_TARGET = 10.3;
				LD_RUNPATH_SEARCH_PATHS = "$(inherited) @executable_path/Frameworks";
				PRODUCT_BUNDLE_IDENTIFIER = za.co.immediaenterprise.fabrik.bencap;
				PRODUCT_NAME = "$(TARGET_NAME)";
				PROVISIONING_PROFILE = "c86b7708-52f9-4e07-9e36-38cce027c3d3";
				PROVISIONING_PROFILE_SPECIFIER = "";
				SWIFT_VERSION = 4.0;
				TARGETED_DEVICE_FAMILY = "1,2";
			};
			name = Release;
		};
		5E75B675204F236300C79321 /* Debug */ = {
			isa = XCBuildConfiguration;
			baseConfigurationReference = 26D5886A2AA549A814C5E032 /* Pods-WeatherTests.debug.xcconfig */;
			buildSettings = {
				ALWAYS_EMBED_SWIFT_STANDARD_LIBRARIES = YES;
				BUNDLE_LOADER = "$(TEST_HOST)";
				CODE_SIGN_STYLE = Automatic;
				DEVELOPMENT_TEAM = "";
				INFOPLIST_FILE = WeatherTests/Info.plist;
				LD_RUNPATH_SEARCH_PATHS = "$(inherited) @executable_path/Frameworks @loader_path/Frameworks";
				PRODUCT_BUNDLE_IDENTIFIER = co.za.immedia.WeatherTests;
				PRODUCT_NAME = "$(TARGET_NAME)";
				SWIFT_VERSION = 4.0;
				TARGETED_DEVICE_FAMILY = "1,2";
				TEST_HOST = "$(BUILT_PRODUCTS_DIR)/Weather.app/Weather";
			};
			name = Debug;
		};
		5E75B676204F236300C79321 /* Release */ = {
			isa = XCBuildConfiguration;
			baseConfigurationReference = A647D450375DAC2FD5EF3B06 /* Pods-WeatherTests.release.xcconfig */;
			buildSettings = {
				ALWAYS_EMBED_SWIFT_STANDARD_LIBRARIES = YES;
				BUNDLE_LOADER = "$(TEST_HOST)";
				CODE_SIGN_STYLE = Automatic;
				DEVELOPMENT_TEAM = "";
				INFOPLIST_FILE = WeatherTests/Info.plist;
				LD_RUNPATH_SEARCH_PATHS = "$(inherited) @executable_path/Frameworks @loader_path/Frameworks";
				PRODUCT_BUNDLE_IDENTIFIER = co.za.immedia.WeatherTests;
				PRODUCT_NAME = "$(TARGET_NAME)";
				SWIFT_VERSION = 4.0;
				TARGETED_DEVICE_FAMILY = "1,2";
				TEST_HOST = "$(BUILT_PRODUCTS_DIR)/Weather.app/Weather";
			};
			name = Release;
		};
		5E75B678204F236300C79321 /* Debug */ = {
			isa = XCBuildConfiguration;
			baseConfigurationReference = 914BFB3B5F2EC7A546C825F5 /* Pods-WeatherUITests.debug.xcconfig */;
			buildSettings = {
				ALWAYS_EMBED_SWIFT_STANDARD_LIBRARIES = YES;
				CODE_SIGN_STYLE = Automatic;
				DEVELOPMENT_TEAM = "";
				INFOPLIST_FILE = WeatherUITests/Info.plist;
				LD_RUNPATH_SEARCH_PATHS = "$(inherited) @executable_path/Frameworks @loader_path/Frameworks";
				PRODUCT_BUNDLE_IDENTIFIER = co.za.immedia.WeatherUITests;
				PRODUCT_NAME = "$(TARGET_NAME)";
				SWIFT_VERSION = 4.0;
				TARGETED_DEVICE_FAMILY = "1,2";
				TEST_TARGET_NAME = Weather;
			};
			name = Debug;
		};
		5E75B679204F236300C79321 /* Release */ = {
			isa = XCBuildConfiguration;
			baseConfigurationReference = 94DB0488713F91F5B5D5EFB5 /* Pods-WeatherUITests.release.xcconfig */;
			buildSettings = {
				ALWAYS_EMBED_SWIFT_STANDARD_LIBRARIES = YES;
				CODE_SIGN_STYLE = Automatic;
				DEVELOPMENT_TEAM = "";
				INFOPLIST_FILE = WeatherUITests/Info.plist;
				LD_RUNPATH_SEARCH_PATHS = "$(inherited) @executable_path/Frameworks @loader_path/Frameworks";
				PRODUCT_BUNDLE_IDENTIFIER = co.za.immedia.WeatherUITests;
				PRODUCT_NAME = "$(TARGET_NAME)";
				SWIFT_VERSION = 4.0;
				TARGETED_DEVICE_FAMILY = "1,2";
				TEST_TARGET_NAME = Weather;
			};
			name = Release;
		};
/* End XCBuildConfiguration section */

/* Begin XCConfigurationList section */
		5E75B644204F236200C79321 /* Build configuration list for PBXProject "Weather" */ = {
			isa = XCConfigurationList;
			buildConfigurations = (
				5E75B66F204F236300C79321 /* Debug */,
				5E75B670204F236300C79321 /* Release */,
			);
			defaultConfigurationIsVisible = 0;
			defaultConfigurationName = Release;
		};
		5E75B671204F236300C79321 /* Build configuration list for PBXNativeTarget "Weather" */ = {
			isa = XCConfigurationList;
			buildConfigurations = (
				5E75B672204F236300C79321 /* Debug */,
				5E75B673204F236300C79321 /* Release */,
			);
			defaultConfigurationIsVisible = 0;
			defaultConfigurationName = Release;
		};
		5E75B674204F236300C79321 /* Build configuration list for PBXNativeTarget "WeatherTests" */ = {
			isa = XCConfigurationList;
			buildConfigurations = (
				5E75B675204F236300C79321 /* Debug */,
				5E75B676204F236300C79321 /* Release */,
			);
			defaultConfigurationIsVisible = 0;
			defaultConfigurationName = Release;
		};
		5E75B677204F236300C79321 /* Build configuration list for PBXNativeTarget "WeatherUITests" */ = {
			isa = XCConfigurationList;
			buildConfigurations = (
				5E75B678204F236300C79321 /* Debug */,
				5E75B679204F236300C79321 /* Release */,
			);
			defaultConfigurationIsVisible = 0;
			defaultConfigurationName = Release;
		};
/* End XCConfigurationList section */
	};
	rootObject = 5E75B641204F236200C79321 /* Project object */;
}
